
Microsoft Visual Studio Solution File, Format Version 12.00
# Visual Studio Version 16
VisualStudioVersion = 16.0.29709.97
MinimumVisualStudioVersion = 10.0.40219.1
Project("{FAE04EC0-301F-11D3-BF4B-00C04F79EFBC}") = "LuisDiaz", "LuisDiaz\LuisDiaz.csproj", "{5975EDBC-7C2F-485F-958B-F76E3051A198}"
EndProject
Global
	GlobalSection(SolutionConfigurationPlatforms) = preSolution
		Debug|Any CPU = Debug|Any CPU
		Release|Any CPU = Release|Any CPU
	EndGlobalSection
	GlobalSection(ProjectConfigurationPlatforms) = postSolution
		{5975EDBC-7C2F-485F-958B-F76E3051A198}.Debug|Any CPU.ActiveCfg = Debug|Any CPU
		{5975EDBC-7C2F-485F-958B-F76E3051A198}.Debug|Any CPU.Build.0 = Debug|Any CPU
		{5975EDBC-7C2F-485F-958B-F76E3051A198}.Release|Any CPU.ActiveCfg = Release|Any CPU
		{5975EDBC-7C2F-485F-958B-F76E3051A198}.Release|Any CPU.Build.0 = Release|Any CPU
	EndGlobalSection
	GlobalSection(SolutionProperties) = preSolution
		HideSolutionNode = FALSE
	EndGlobalSection
	GlobalSection(ExtensibilityGlobals) = postSolution
		SolutionGuid = {2F25A34C-467F-4A1C-9CEA-E9C98BD1BF00}
	EndGlobalSection
EndGlobal
